// !$*UTF8*$!
{
	archiveVersion = 1;
	classes = {
	};
	objectVersion = 46;
	objects = {

/* Begin PBXBuildFile section */
		526C8C6F18EAFBB100F8DCE7 /* Foundation.framework in Frameworks */ = {isa = PBXBuildFile; fileRef = 526C8C6E18EAFBB100F8DCE7 /* Foundation.framework */; };
		526C8C7118EAFBB100F8DCE7 /* CoreGraphics.framework in Frameworks */ = {isa = PBXBuildFile; fileRef = 526C8C7018EAFBB100F8DCE7 /* CoreGraphics.framework */; };
		526C8C7318EAFBB100F8DCE7 /* UIKit.framework in Frameworks */ = {isa = PBXBuildFile; fileRef = 526C8C7218EAFBB100F8DCE7 /* UIKit.framework */; };
		526C8C7918EAFBB100F8DCE7 /* InfoPlist.strings in Resources */ = {isa = PBXBuildFile; fileRef = 526C8C7718EAFBB100F8DCE7 /* InfoPlist.strings */; };
		526C8C7B18EAFBB100F8DCE7 /* main.m in Sources */ = {isa = PBXBuildFile; fileRef = 526C8C7A18EAFBB100F8DCE7 /* main.m */; };
		526C8C7F18EAFBB100F8DCE7 /* AppDelegate.m in Sources */ = {isa = PBXBuildFile; fileRef = 526C8C7E18EAFBB100F8DCE7 /* AppDelegate.m */; };
		526C8C8218EAFBB200F8DCE7 /* Main.storyboard in Resources */ = {isa = PBXBuildFile; fileRef = 526C8C8018EAFBB200F8DCE7 /* Main.storyboard */; };
		526C8C8718EAFBB200F8DCE7 /* Images.xcassets in Resources */ = {isa = PBXBuildFile; fileRef = 526C8C8618EAFBB200F8DCE7 /* Images.xcassets */; };
		526C8C8E18EAFBB200F8DCE7 /* XCTest.framework in Frameworks */ = {isa = PBXBuildFile; fileRef = 526C8C8D18EAFBB200F8DCE7 /* XCTest.framework */; };
		526C8C8F18EAFBB200F8DCE7 /* Foundation.framework in Frameworks */ = {isa = PBXBuildFile; fileRef = 526C8C6E18EAFBB100F8DCE7 /* Foundation.framework */; };
		526C8C9018EAFBB200F8DCE7 /* UIKit.framework in Frameworks */ = {isa = PBXBuildFile; fileRef = 526C8C7218EAFBB100F8DCE7 /* UIKit.framework */; };
		526C8C9818EAFBB200F8DCE7 /* InfoPlist.strings in Resources */ = {isa = PBXBuildFile; fileRef = 526C8C9618EAFBB200F8DCE7 /* InfoPlist.strings */; };
		526C8C9A18EAFBB200F8DCE7 /* Assignment_09Tests.m in Sources */ = {isa = PBXBuildFile; fileRef = 526C8C9918EAFBB200F8DCE7 /* Assignment_09Tests.m */; };
		526C8CA518EAFC2A00F8DCE7 /* RostersPositionTableViewController.m in Sources */ = {isa = PBXBuildFile; fileRef = 526C8CA418EAFC2A00F8DCE7 /* RostersPositionTableViewController.m */; };
		526C8CAB18EB02A200F8DCE7 /* RostersPlayersTableViewController.m in Sources */ = {isa = PBXBuildFile; fileRef = 526C8CAA18EB02A200F8DCE7 /* RostersPlayersTableViewController.m */; };
		526C8CAE18EB037F00F8DCE7 /* BaseballPlayer.m in Sources */ = {isa = PBXBuildFile; fileRef = 526C8CAD18EB037F00F8DCE7 /* BaseballPlayer.m */; };
		526C8CB118EB0AD200F8DCE7 /* RostersPlayerDetailViewController.m in Sources */ = {isa = PBXBuildFile; fileRef = 526C8CB018EB0AD200F8DCE7 /* RostersPlayerDetailViewController.m */; };
		526C8CB418EB105500F8DCE7 /* RostersAddEditPlayerViewController.m in Sources */ = {isa = PBXBuildFile; fileRef = 526C8CB318EB105500F8DCE7 /* RostersAddEditPlayerViewController.m */; };
		526C8CB718EB1A2D00F8DCE7 /* RostersPlayerWebViewController.m in Sources */ = {isa = PBXBuildFile; fileRef = 526C8CB618EB1A2D00F8DCE7 /* RostersPlayerWebViewController.m */; };
/* End PBXBuildFile section */

/* Begin PBXContainerItemProxy section */
		526C8C9118EAFBB200F8DCE7 /* PBXContainerItemProxy */ = {
			isa = PBXContainerItemProxy;
			containerPortal = 526C8C6318EAFBB100F8DCE7 /* Project object */;
			proxyType = 1;
			remoteGlobalIDString = 526C8C6A18EAFBB100F8DCE7;
			remoteInfo = Assignment_09;
		};
/* End PBXContainerItemProxy section */

/* Begin PBXFileReference section */
		338424A918EB6DC700FD5EBA /* RostersAddPlayerDelegate.h */ = {isa = PBXFileReference; fileEncoding = 4; lastKnownFileType = sourcecode.c.h; path = RostersAddPlayerDelegate.h; sourceTree = "<group>"; };
		526C8C6B18EAFBB100F8DCE7 /* Assignment_09.app */ = {isa = PBXFileReference; explicitFileType = wrapper.application; includeInIndex = 0; path = Assignment_09.app; sourceTree = BUILT_PRODUCTS_DIR; };
		526C8C6E18EAFBB100F8DCE7 /* Foundation.framework */ = {isa = PBXFileReference; lastKnownFileType = wrapper.framework; name = Foundation.framework; path = System/Library/Frameworks/Foundation.framework; sourceTree = SDKROOT; };
		526C8C7018EAFBB100F8DCE7 /* CoreGraphics.framework */ = {isa = PBXFileReference; lastKnownFileType = wrapper.framework; name = CoreGraphics.framework; path = System/Library/Frameworks/CoreGraphics.framework; sourceTree = SDKROOT; };
		526C8C7218EAFBB100F8DCE7 /* UIKit.framework */ = {isa = PBXFileReference; lastKnownFileType = wrapper.framework; name = UIKit.framework; path = System/Library/Frameworks/UIKit.framework; sourceTree = SDKROOT; };
		526C8C7618EAFBB100F8DCE7 /* Assignment_09-Info.plist */ = {isa = PBXFileReference; lastKnownFileType = text.plist.xml; path = "Assignment_09-Info.plist"; sourceTree = "<group>"; };
		526C8C7818EAFBB100F8DCE7 /* en */ = {isa = PBXFileReference; lastKnownFileType = text.plist.strings; name = en; path = en.lproj/InfoPlist.strings; sourceTree = "<group>"; };
		526C8C7A18EAFBB100F8DCE7 /* main.m */ = {isa = PBXFileReference; lastKnownFileType = sourcecode.c.objc; path = main.m; sourceTree = "<group>"; };
		526C8C7C18EAFBB100F8DCE7 /* Assignment_09-Prefix.pch */ = {isa = PBXFileReference; lastKnownFileType = sourcecode.c.h; path = "Assignment_09-Prefix.pch"; sourceTree = "<group>"; };
		526C8C7D18EAFBB100F8DCE7 /* AppDelegate.h */ = {isa = PBXFileReference; lastKnownFileType = sourcecode.c.h; path = AppDelegate.h; sourceTree = "<group>"; };
		526C8C7E18EAFBB100F8DCE7 /* AppDelegate.m */ = {isa = PBXFileReference; lastKnownFileType = sourcecode.c.objc; path = AppDelegate.m; sourceTree = "<group>"; };
		526C8C8118EAFBB200F8DCE7 /* Base */ = {isa = PBXFileReference; lastKnownFileType = file.storyboard; name = Base; path = Base.lproj/Main.storyboard; sourceTree = "<group>"; };
		526C8C8618EAFBB200F8DCE7 /* Images.xcassets */ = {isa = PBXFileReference; lastKnownFileType = folder.assetcatalog; name = Images.xcassets; path = Assignment_09/Images.xcassets; sourceTree = "<group>"; };
		526C8C8C18EAFBB200F8DCE7 /* Assignment_09Tests.xctest */ = {isa = PBXFileReference; explicitFileType = wrapper.cfbundle; includeInIndex = 0; path = Assignment_09Tests.xctest; sourceTree = BUILT_PRODUCTS_DIR; };
		526C8C8D18EAFBB200F8DCE7 /* XCTest.framework */ = {isa = PBXFileReference; lastKnownFileType = wrapper.framework; name = XCTest.framework; path = Library/Frameworks/XCTest.framework; sourceTree = DEVELOPER_DIR; };
		526C8C9518EAFBB200F8DCE7 /* Assignment_09Tests-Info.plist */ = {isa = PBXFileReference; lastKnownFileType = text.plist.xml; path = "Assignment_09Tests-Info.plist"; sourceTree = "<group>"; };
		526C8C9718EAFBB200F8DCE7 /* en */ = {isa = PBXFileReference; lastKnownFileType = text.plist.strings; name = en; path = en.lproj/InfoPlist.strings; sourceTree = "<group>"; };
		526C8C9918EAFBB200F8DCE7 /* Assignment_09Tests.m */ = {isa = PBXFileReference; lastKnownFileType = sourcecode.c.objc; path = Assignment_09Tests.m; sourceTree = "<group>"; };
		526C8CA318EAFC2A00F8DCE7 /* RostersPositionTableViewController.h */ = {isa = PBXFileReference; fileEncoding = 4; lastKnownFileType = sourcecode.c.h; path = RostersPositionTableViewController.h; sourceTree = "<group>"; };
		526C8CA418EAFC2A00F8DCE7 /* RostersPositionTableViewController.m */ = {isa = PBXFileReference; fileEncoding = 4; lastKnownFileType = sourcecode.c.objc; path = RostersPositionTableViewController.m; sourceTree = "<group>"; };
		526C8CA918EB02A200F8DCE7 /* RostersPlayersTableViewController.h */ = {isa = PBXFileReference; fileEncoding = 4; lastKnownFileType = sourcecode.c.h; path = RostersPlayersTableViewController.h; sourceTree = "<group>"; };
		526C8CAA18EB02A200F8DCE7 /* RostersPlayersTableViewController.m */ = {isa = PBXFileReference; fileEncoding = 4; lastKnownFileType = sourcecode.c.objc; path = RostersPlayersTableViewController.m; sourceTree = "<group>"; };
		526C8CAC18EB037F00F8DCE7 /* BaseballPlayer.h */ = {isa = PBXFileReference; fileEncoding = 4; lastKnownFileType = sourcecode.c.h; path = BaseballPlayer.h; sourceTree = "<group>"; };
		526C8CAD18EB037F00F8DCE7 /* BaseballPlayer.m */ = {isa = PBXFileReference; fileEncoding = 4; lastKnownFileType = sourcecode.c.objc; path = BaseballPlayer.m; sourceTree = "<group>"; };
		526C8CAF18EB0AD200F8DCE7 /* RostersPlayerDetailViewController.h */ = {isa = PBXFileReference; fileEncoding = 4; lastKnownFileType = sourcecode.c.h; path = RostersPlayerDetailViewController.h; sourceTree = "<group>"; };
		526C8CB018EB0AD200F8DCE7 /* RostersPlayerDetailViewController.m */ = {isa = PBXFileReference; fileEncoding = 4; lastKnownFileType = sourcecode.c.objc; path = RostersPlayerDetailViewController.m; sourceTree = "<group>"; };
		526C8CB218EB105500F8DCE7 /* RostersAddEditPlayerViewController.h */ = {isa = PBXFileReference; fileEncoding = 4; lastKnownFileType = sourcecode.c.h; path = RostersAddEditPlayerViewController.h; sourceTree = "<group>"; };
		526C8CB318EB105500F8DCE7 /* RostersAddEditPlayerViewController.m */ = {isa = PBXFileReference; fileEncoding = 4; lastKnownFileType = sourcecode.c.objc; path = RostersAddEditPlayerViewController.m; sourceTree = "<group>"; };
		526C8CB518EB1A2D00F8DCE7 /* RostersPlayerWebViewController.h */ = {isa = PBXFileReference; fileEncoding = 4; lastKnownFileType = sourcecode.c.h; path = RostersPlayerWebViewController.h; sourceTree = "<group>"; };
		526C8CB618EB1A2D00F8DCE7 /* RostersPlayerWebViewController.m */ = {isa = PBXFileReference; fileEncoding = 4; lastKnownFileType = sourcecode.c.objc; path = RostersPlayerWebViewController.m; sourceTree = "<group>"; };
/* End PBXFileReference section */

/* Begin PBXFrameworksBuildPhase section */
		526C8C6818EAFBB100F8DCE7 /* Frameworks */ = {
			isa = PBXFrameworksBuildPhase;
			buildActionMask = 2147483647;
			files = (
				526C8C7118EAFBB100F8DCE7 /* CoreGraphics.framework in Frameworks */,
				526C8C7318EAFBB100F8DCE7 /* UIKit.framework in Frameworks */,
				526C8C6F18EAFBB100F8DCE7 /* Foundation.framework in Frameworks */,
			);
			runOnlyForDeploymentPostprocessing = 0;
		};
		526C8C8918EAFBB200F8DCE7 /* Frameworks */ = {
			isa = PBXFrameworksBuildPhase;
			buildActionMask = 2147483647;
			files = (
				526C8C8E18EAFBB200F8DCE7 /* XCTest.framework in Frameworks */,
				526C8C9018EAFBB200F8DCE7 /* UIKit.framework in Frameworks */,
				526C8C8F18EAFBB200F8DCE7 /* Foundation.framework in Frameworks */,
			);
			runOnlyForDeploymentPostprocessing = 0;
		};
/* End PBXFrameworksBuildPhase section */

/* Begin PBXGroup section */
		526C8C6218EAFBB100F8DCE7 = {
			isa = PBXGroup;
			children = (
				526C8C7418EAFBB100F8DCE7 /* Assignment_09 */,
				526C8C8618EAFBB200F8DCE7 /* Images.xcassets */,
				526C8C9318EAFBB200F8DCE7 /* Assignment_09Tests */,
				526C8C6D18EAFBB100F8DCE7 /* Frameworks */,
				526C8C6C18EAFBB100F8DCE7 /* Products */,
			);
			sourceTree = "<group>";
		};
		526C8C6C18EAFBB100F8DCE7 /* Products */ = {
			isa = PBXGroup;
			children = (
				526C8C6B18EAFBB100F8DCE7 /* Assignment_09.app */,
				526C8C8C18EAFBB200F8DCE7 /* Assignment_09Tests.xctest */,
			);
			name = Products;
			sourceTree = "<group>";
		};
		526C8C6D18EAFBB100F8DCE7 /* Frameworks */ = {
			isa = PBXGroup;
			children = (
				526C8C6E18EAFBB100F8DCE7 /* Foundation.framework */,
				526C8C7018EAFBB100F8DCE7 /* CoreGraphics.framework */,
				526C8C7218EAFBB100F8DCE7 /* UIKit.framework */,
				526C8C8D18EAFBB200F8DCE7 /* XCTest.framework */,
			);
			name = Frameworks;
			sourceTree = "<group>";
		};
		526C8C7418EAFBB100F8DCE7 /* Assignment_09 */ = {
			isa = PBXGroup;
			children = (
				526C8CA818EB026E00F8DCE7 /* Model */,
				526C8CA718EB026700F8DCE7 /* View */,
				526C8CA618EB024D00F8DCE7 /* Controller */,
				526C8C7518EAFBB100F8DCE7 /* Supporting Files */,
			);
			path = Assignment_09;
			sourceTree = "<group>";
		};
		526C8C7518EAFBB100F8DCE7 /* Supporting Files */ = {
			isa = PBXGroup;
			children = (
				526C8C7618EAFBB100F8DCE7 /* Assignment_09-Info.plist */,
				526C8C7718EAFBB100F8DCE7 /* InfoPlist.strings */,
				526C8C7A18EAFBB100F8DCE7 /* main.m */,
				526C8C7C18EAFBB100F8DCE7 /* Assignment_09-Prefix.pch */,
			);
			name = "Supporting Files";
			sourceTree = "<group>";
		};
		526C8C9318EAFBB200F8DCE7 /* Assignment_09Tests */ = {
			isa = PBXGroup;
			children = (
				526C8C9918EAFBB200F8DCE7 /* Assignment_09Tests.m */,
				526C8C9418EAFBB200F8DCE7 /* Supporting Files */,
			);
			path = Assignment_09Tests;
			sourceTree = "<group>";
		};
		526C8C9418EAFBB200F8DCE7 /* Supporting Files */ = {
			isa = PBXGroup;
			children = (
				526C8C9518EAFBB200F8DCE7 /* Assignment_09Tests-Info.plist */,
				526C8C9618EAFBB200F8DCE7 /* InfoPlist.strings */,
			);
			name = "Supporting Files";
			sourceTree = "<group>";
		};
		526C8CA618EB024D00F8DCE7 /* Controller */ = {
			isa = PBXGroup;
			children = (
				526C8C7D18EAFBB100F8DCE7 /* AppDelegate.h */,
				526C8C7E18EAFBB100F8DCE7 /* AppDelegate.m */,
				526C8CA318EAFC2A00F8DCE7 /* RostersPositionTableViewController.h */,
				526C8CA418EAFC2A00F8DCE7 /* RostersPositionTableViewController.m */,
				526C8CA918EB02A200F8DCE7 /* RostersPlayersTableViewController.h */,
				526C8CAA18EB02A200F8DCE7 /* RostersPlayersTableViewController.m */,
				526C8CAF18EB0AD200F8DCE7 /* RostersPlayerDetailViewController.h */,
				526C8CB018EB0AD200F8DCE7 /* RostersPlayerDetailViewController.m */,
				526C8CB218EB105500F8DCE7 /* RostersAddEditPlayerViewController.h */,
				526C8CB318EB105500F8DCE7 /* RostersAddEditPlayerViewController.m */,
				526C8CB518EB1A2D00F8DCE7 /* RostersPlayerWebViewController.h */,
				526C8CB618EB1A2D00F8DCE7 /* RostersPlayerWebViewController.m */,
				338424A918EB6DC700FD5EBA /* RostersAddPlayerDelegate.h */,
			);
			name = Controller;
			sourceTree = "<group>";
		};
		526C8CA718EB026700F8DCE7 /* View */ = {
			isa = PBXGroup;
			children = (
				526C8C8018EAFBB200F8DCE7 /* Main.storyboard */,
			);
			name = View;
			sourceTree = "<group>";
		};
		526C8CA818EB026E00F8DCE7 /* Model */ = {
			isa = PBXGroup;
			children = (
				526C8CAC18EB037F00F8DCE7 /* BaseballPlayer.h */,
				526C8CAD18EB037F00F8DCE7 /* BaseballPlayer.m */,
			);
			name = Model;
			sourceTree = "<group>";
		};
/* End PBXGroup section */

/* Begin PBXNativeTarget section */
		526C8C6A18EAFBB100F8DCE7 /* Assignment_09 */ = {
			isa = PBXNativeTarget;
			buildConfigurationList = 526C8C9D18EAFBB200F8DCE7 /* Build configuration list for PBXNativeTarget "Assignment_09" */;
			buildPhases = (
				526C8C6718EAFBB100F8DCE7 /* Sources */,
				526C8C6818EAFBB100F8DCE7 /* Frameworks */,
				526C8C6918EAFBB100F8DCE7 /* Resources */,
			);
			buildRules = (
			);
			dependencies = (
			);
			name = Assignment_09;
			productName = Assignment_09;
			productReference = 526C8C6B18EAFBB100F8DCE7 /* Assignment_09.app */;
			productType = "com.apple.product-type.application";
		};
		526C8C8B18EAFBB200F8DCE7 /* Assignment_09Tests */ = {
			isa = PBXNativeTarget;
			buildConfigurationList = 526C8CA018EAFBB200F8DCE7 /* Build configuration list for PBXNativeTarget "Assignment_09Tests" */;
			buildPhases = (
				526C8C8818EAFBB200F8DCE7 /* Sources */,
				526C8C8918EAFBB200F8DCE7 /* Frameworks */,
				526C8C8A18EAFBB200F8DCE7 /* Resources */,
			);
			buildRules = (
			);
			dependencies = (
				526C8C9218EAFBB200F8DCE7 /* PBXTargetDependency */,
			);
			name = Assignment_09Tests;
			productName = Assignment_09Tests;
			productReference = 526C8C8C18EAFBB200F8DCE7 /* Assignment_09Tests.xctest */;
			productType = "com.apple.product-type.bundle.unit-test";
		};
/* End PBXNativeTarget section */

/* Begin PBXProject section */
		526C8C6318EAFBB100F8DCE7 /* Project object */ = {
			isa = PBXProject;
			attributes = {
				LastUpgradeCheck = 0510;
				ORGANIZATIONNAME = "John Pease";
				TargetAttributes = {
					526C8C8B18EAFBB200F8DCE7 = {
						TestTargetID = 526C8C6A18EAFBB100F8DCE7;
					};
				};
			};
			buildConfigurationList = 526C8C6618EAFBB100F8DCE7 /* Build configuration list for PBXProject "Assignment_09" */;
			compatibilityVersion = "Xcode 3.2";
			developmentRegion = English;
			hasScannedForEncodings = 0;
			knownRegions = (
				en,
				Base,
			);
			mainGroup = 526C8C6218EAFBB100F8DCE7;
			productRefGroup = 526C8C6C18EAFBB100F8DCE7 /* Products */;
			projectDirPath = "";
			projectRoot = "";
			targets = (
				526C8C6A18EAFBB100F8DCE7 /* Assignment_09 */,
				526C8C8B18EAFBB200F8DCE7 /* Assignment_09Tests */,
			);
		};
/* End PBXProject section */

/* Begin PBXResourcesBuildPhase section */
		526C8C6918EAFBB100F8DCE7 /* Resources */ = {
			isa = PBXResourcesBuildPhase;
			buildActionMask = 2147483647;
			files = (
				526C8C8718EAFBB200F8DCE7 /* Images.xcassets in Resources */,
				526C8C7918EAFBB100F8DCE7 /* InfoPlist.strings in Resources */,
				526C8C8218EAFBB200F8DCE7 /* Main.storyboard in Resources */,
			);
			runOnlyForDeploymentPostprocessing = 0;
		};
		526C8C8A18EAFBB200F8DCE7 /* Resources */ = {
			isa = PBXResourcesBuildPhase;
			buildActionMask = 2147483647;
			files = (
				526C8C9818EAFBB200F8DCE7 /* InfoPlist.strings in Resources */,
			);
			runOnlyForDeploymentPostprocessing = 0;
		};
/* End PBXResourcesBuildPhase section */

/* Begin PBXSourcesBuildPhase section */
		526C8C6718EAFBB100F8DCE7 /* Sources */ = {
			isa = PBXSourcesBuildPhase;
			buildActionMask = 2147483647;
			files = (
				526C8CB418EB105500F8DCE7 /* RostersAddEditPlayerViewController.m in Sources */,
				526C8CAE18EB037F00F8DCE7 /* BaseballPlayer.m in Sources */,
				526C8CB118EB0AD200F8DCE7 /* RostersPlayerDetailViewController.m in Sources */,
				526C8C7F18EAFBB100F8DCE7 /* AppDelegate.m in Sources */,
				526C8C7B18EAFBB100F8DCE7 /* main.m in Sources */,
				526C8CA518EAFC2A00F8DCE7 /* RostersPositionTableViewController.m in Sources */,
				526C8CB718EB1A2D00F8DCE7 /* RostersPlayerWebViewController.m in Sources */,
				526C8CAB18EB02A200F8DCE7 /* RostersPlayersTableViewController.m in Sources */,
			);
			runOnlyForDeploymentPostprocessing = 0;
		};
		526C8C8818EAFBB200F8DCE7 /* Sources */ = {
			isa = PBXSourcesBuildPhase;
			buildActionMask = 2147483647;
			files = (
				526C8C9A18EAFBB200F8DCE7 /* Assignment_09Tests.m in Sources */,
			);
			runOnlyForDeploymentPostprocessing = 0;
		};
/* End PBXSourcesBuildPhase section */

/* Begin PBXTargetDependency section */
		526C8C9218EAFBB200F8DCE7 /* PBXTargetDependency */ = {
			isa = PBXTargetDependency;
			target = 526C8C6A18EAFBB100F8DCE7 /* Assignment_09 */;
			targetProxy = 526C8C9118EAFBB200F8DCE7 /* PBXContainerItemProxy */;
		};
/* End PBXTargetDependency section */

/* Begin PBXVariantGroup section */
		526C8C7718EAFBB100F8DCE7 /* InfoPlist.strings */ = {
			isa = PBXVariantGroup;
			children = (
				526C8C7818EAFBB100F8DCE7 /* en */,
			);
			name = InfoPlist.strings;
			sourceTree = "<group>";
		};
		526C8C8018EAFBB200F8DCE7 /* Main.storyboard */ = {
			isa = PBXVariantGroup;
			children = (
				526C8C8118EAFBB200F8DCE7 /* Base */,
			);
			name = Main.storyboard;
			sourceTree = "<group>";
		};
		526C8C9618EAFBB200F8DCE7 /* InfoPlist.strings */ = {
			isa = PBXVariantGroup;
			children = (
				526C8C9718EAFBB200F8DCE7 /* en */,
			);
			name = InfoPlist.strings;
			sourceTree = "<group>";
		};
/* End PBXVariantGroup section */

/* Begin XCBuildConfiguration section */
		526C8C9B18EAFBB200F8DCE7 /* Debug */ = {
			isa = XCBuildConfiguration;
			buildSettings = {
				ALWAYS_SEARCH_USER_PATHS = NO;
				CLANG_CXX_LANGUAGE_STANDARD = "gnu++0x";
				CLANG_CXX_LIBRARY = "libc++";
				CLANG_ENABLE_MODULES = YES;
				CLANG_ENABLE_OBJC_ARC = YES;
				CLANG_WARN_BOOL_CONVERSION = YES;
				CLANG_WARN_CONSTANT_CONVERSION = YES;
				CLANG_WARN_DIRECT_OBJC_ISA_USAGE = YES_ERROR;
				CLANG_WARN_EMPTY_BODY = YES;
				CLANG_WARN_ENUM_CONVERSION = YES;
				CLANG_WARN_INT_CONVERSION = YES;
				CLANG_WARN_OBJC_ROOT_CLASS = YES_ERROR;
				CLANG_WARN__DUPLICATE_METHOD_MATCH = YES;
				"CODE_SIGN_IDENTITY[sdk=iphoneos*]" = "iPhone Developer";
				COPY_PHASE_STRIP = NO;
				GCC_C_LANGUAGE_STANDARD = gnu99;
				GCC_DYNAMIC_NO_PIC = NO;
				GCC_OPTIMIZATION_LEVEL = 0;
				GCC_PREPROCESSOR_DEFINITIONS = (
					"DEBUG=1",
					"$(inherited)",
				);
				GCC_SYMBOLS_PRIVATE_EXTERN = NO;
				GCC_WARN_64_TO_32_BIT_CONVERSION = YES;
				GCC_WARN_ABOUT_RETURN_TYPE = YES_ERROR;
				GCC_WARN_UNDECLARED_SELECTOR = YES;
				GCC_WARN_UNINITIALIZED_AUTOS = YES_AGGRESSIVE;
				GCC_WARN_UNUSED_FUNCTION = YES;
				GCC_WARN_UNUSED_VARIABLE = YES;
				IPHONEOS_DEPLOYMENT_TARGET = 7.1;
				ONLY_ACTIVE_ARCH = YES;
				SDKROOT = iphoneos;
			};
			name = Debug;
		};
		526C8C9C18EAFBB200F8DCE7 /* Release */ = {
			isa = XCBuildConfiguration;
			buildSettings = {
				ALWAYS_SEARCH_USER_PATHS = NO;
				CLANG_CXX_LANGUAGE_STANDARD = "gnu++0x";
				CLANG_CXX_LIBRARY = "libc++";
				CLANG_ENABLE_MODULES = YES;
				CLANG_ENABLE_OBJC_ARC = YES;
				CLANG_WARN_BOOL_CONVERSION = YES;
				CLANG_WARN_CONSTANT_CONVERSION = YES;
				CLANG_WARN_DIRECT_OBJC_ISA_USAGE = YES_ERROR;
				CLANG_WARN_EMPTY_BODY = YES;
				CLANG_WARN_ENUM_CONVERSION = YES;
				CLANG_WARN_INT_CONVERSION = YES;
				CLANG_WARN_OBJC_ROOT_CLASS = YES_ERROR;
				CLANG_WARN__DUPLICATE_METHOD_MATCH = YES;
				"CODE_SIGN_IDENTITY[sdk=iphoneos*]" = "iPhone Developer";
				COPY_PHASE_STRIP = YES;
				ENABLE_NS_ASSERTIONS = NO;
				GCC_C_LANGUAGE_STANDARD = gnu99;
				GCC_WARN_64_TO_32_BIT_CONVERSION = YES;
				GCC_WARN_ABOUT_RETURN_TYPE = YES_ERROR;
				GCC_WARN_UNDECLARED_SELECTOR = YES;
				GCC_WARN_UNINITIALIZED_AUTOS = YES_AGGRESSIVE;
				GCC_WARN_UNUSED_FUNCTION = YES;
				GCC_WARN_UNUSED_VARIABLE = YES;
				IPHONEOS_DEPLOYMENT_TARGET = 7.1;
				SDKROOT = iphoneos;
				VALIDATE_PRODUCT = YES;
			};
			name = Release;
		};
		526C8C9E18EAFBB200F8DCE7 /* Debug */ = {
			isa = XCBuildConfiguration;
			buildSettings = {
				ASSETCATALOG_COMPILER_APPICON_NAME = AppIcon;
				ASSETCATALOG_COMPILER_LAUNCHIMAGE_NAME = LaunchImage;
				CODE_SIGN_IDENTITY = "iPhone Developer";
				GCC_PRECOMPILE_PREFIX_HEADER = YES;
				GCC_PREFIX_HEADER = "Assignment_09/Assignment_09-Prefix.pch";
				INFOPLIST_FILE = "Assignment_09/Assignment_09-Info.plist";
				IPHONEOS_DEPLOYMENT_TARGET = 7.0;
				PRODUCT_NAME = "$(TARGET_NAME)";
				SDKROOT = iphoneos;
				WRAPPER_EXTENSION = app;
			};
			name = Debug;
		};
		526C8C9F18EAFBB200F8DCE7 /* Release */ = {
			isa = XCBuildConfiguration;
			buildSettings = {
				ASSETCATALOG_COMPILER_APPICON_NAME = AppIcon;
				ASSETCATALOG_COMPILER_LAUNCHIMAGE_NAME = LaunchImage;
				CODE_SIGN_IDENTITY = "iPhone Developer";
				GCC_PRECOMPILE_PREFIX_HEADER = YES;
				GCC_PREFIX_HEADER = "Assignment_09/Assignment_09-Prefix.pch";
				INFOPLIST_FILE = "Assignment_09/Assignment_09-Info.plist";
				IPHONEOS_DEPLOYMENT_TARGET = 7.0;
				PRODUCT_NAME = "$(TARGET_NAME)";
				SDKROOT = iphoneos;
				WRAPPER_EXTENSION = app;
			};
			name = Release;
		};
		526C8CA118EAFBB200F8DCE7 /* Debug */ = {
			isa = XCBuildConfiguration;
			buildSettings = {
				BUNDLE_LOADER = "$(BUILT_PRODUCTS_DIR)/Assignment_09.app/Assignment_09";
				FRAMEWORK_SEARCH_PATHS = (
					"$(SDKROOT)/Developer/Library/Frameworks",
					"$(inherited)",
					"$(DEVELOPER_FRAMEWORKS_DIR)",
				);
				GCC_PRECOMPILE_PREFIX_HEADER = YES;
				GCC_PREFIX_HEADER = "Assignment_09/Assignment_09-Prefix.pch";
				GCC_PREPROCESSOR_DEFINITIONS = (
					"DEBUG=1",
					"$(inherited)",
				);
				INFOPLIST_FILE = "Assignment_09Tests/Assignment_09Tests-Info.plist";
				PRODUCT_NAME = "$(TARGET_NAME)";
				TEST_HOST = "$(BUNDLE_LOADER)";
				WRAPPER_EXTENSION = xctest;
			};
			name = Debug;
		};
		526C8CA218EAFBB200F8DCE7 /* Release */ = {
			isa = XCBuildConfiguration;
			buildSettings = {
				BUNDLE_LOADER = "$(BUILT_PRODUCTS_DIR)/Assignment_09.app/Assignment_09";
				FRAMEWORK_SEARCH_PATHS = (
					"$(SDKROOT)/Developer/Library/Frameworks",
					"$(inherited)",
					"$(DEVELOPER_FRAMEWORKS_DIR)",
				);
				GCC_PRECOMPILE_PREFIX_HEADER = YES;
				GCC_PREFIX_HEADER = "Assignment_09/Assignment_09-Prefix.pch";
				INFOPLIST_FILE = "Assignment_09Tests/Assignment_09Tests-Info.plist";
				PRODUCT_NAME = "$(TARGET_NAME)";
				TEST_HOST = "$(BUNDLE_LOADER)";
				WRAPPER_EXTENSION = xctest;
			};
			name = Release;
		};
/* End XCBuildConfiguration section */

/* Begin XCConfigurationList section */
		526C8C6618EAFBB100F8DCE7 /* Build configuration list for PBXProject "Assignment_09" */ = {
			isa = XCConfigurationList;
			buildConfigurations = (
				526C8C9B18EAFBB200F8DCE7 /* Debug */,
				526C8C9C18EAFBB200F8DCE7 /* Release */,
			);
			defaultConfigurationIsVisible = 0;
			defaultConfigurationName = Release;
		};
		526C8C9D18EAFBB200F8DCE7 /* Build configuration list for PBXNativeTarget "Assignment_09" */ = {
			isa = XCConfigurationList;
			buildConfigurations = (
				526C8C9E18EAFBB200F8DCE7 /* Debug */,
				526C8C9F18EAFBB200F8DCE7 /* Release */,
			);
			defaultConfigurationIsVisible = 0;
			defaultConfigurationName = Release;
		};
		526C8CA018EAFBB200F8DCE7 /* Build configuration list for PBXNativeTarget "Assignment_09Tests" */ = {
			isa = XCConfigurationList;
			buildConfigurations = (
				526C8CA118EAFBB200F8DCE7 /* Debug */,
				526C8CA218EAFBB200F8DCE7 /* Release */,
			);
			defaultConfigurationIsVisible = 0;
			defaultConfigurationName = Release;
		};
/* End XCConfigurationList section */
	};
	rootObject = 526C8C6318EAFBB100F8DCE7 /* Project object */;
}
